
Microsoft Visual Studio Solution File, Format Version 12.00
# Visual Studio Version 17
VisualStudioVersion = 17.11.35219.272
MinimumVisualStudioVersion = 10.0.40219.1
Project("{FAE04EC0-301F-11D3-BF4B-00C04F79EFBC}") = "inlemnings_uppgift-2", "inlemnings_uppgift-2\inlemnings_uppgift-2.csproj", "{95BAB90D-A940-4FCA-AF3A-59251E3C36F0}"
EndProject
Global
	GlobalSection(SolutionConfigurationPlatforms) = preSolution
		Debug|Any CPU = Debug|Any CPU
		Release|Any CPU = Release|Any CPU
	EndGlobalSection
	GlobalSection(ProjectConfigurationPlatforms) = postSolution
		{95BAB90D-A940-4FCA-AF3A-59251E3C36F0}.Debug|Any CPU.ActiveCfg = Debug|Any CPU
		{95BAB90D-A940-4FCA-AF3A-59251E3C36F0}.Debug|Any CPU.Build.0 = Debug|Any CPU
		{95BAB90D-A940-4FCA-AF3A-59251E3C36F0}.Release|Any CPU.ActiveCfg = Release|Any CPU
		{95BAB90D-A940-4FCA-AF3A-59251E3C36F0}.Release|Any CPU.Build.0 = Release|Any CPU
	EndGlobalSection
	GlobalSection(SolutionProperties) = preSolution
		HideSolutionNode = FALSE
	EndGlobalSection
	GlobalSection(ExtensibilityGlobals) = postSolution
		SolutionGuid = {0EBE0EA8-C2AF-4346-B963-F067D56B9A46}
	EndGlobalSection
EndGlobal
